
Microsoft Visual Studio Solution File, Format Version 12.00
# Visual Studio Version 16
VisualStudioVersion = 16.0.29215.179
MinimumVisualStudioVersion = 10.0.40219.1
Project("{9A19103F-16F7-4668-BE54-9A1E7A4F7556}") = "Formary", "Formary.csproj", "{1967B6B3-05E6-404E-956F-00DB96206A2E}"
EndProject
Global
	GlobalSection(SolutionConfigurationPlatforms) = preSolution
		Debug|Any CPU = Debug|Any CPU
		Release|Any CPU = Release|Any CPU
	EndGlobalSection
	GlobalSection(ProjectConfigurationPlatforms) = postSolution
		{1967B6B3-05E6-404E-956F-00DB96206A2E}.Debug|Any CPU.ActiveCfg = Debug|Any CPU
		{1967B6B3-05E6-404E-956F-00DB96206A2E}.Debug|Any CPU.Build.0 = Debug|Any CPU
		{1967B6B3-05E6-404E-956F-00DB96206A2E}.Release|Any CPU.ActiveCfg = Release|Any CPU
		{1967B6B3-05E6-404E-956F-00DB96206A2E}.Release|Any CPU.Build.0 = Release|Any CPU
	EndGlobalSection
	GlobalSection(SolutionProperties) = preSolution
		HideSolutionNode = FALSE
	EndGlobalSection
	GlobalSection(ExtensibilityGlobals) = postSolution
		SolutionGuid = {DB65EEA5-2C69-41F0-A547-56E84D9E74D5}
	EndGlobalSection
EndGlobal
